{
    "name": "epubtools",
    "version": "1.9.10",
    "lockfileVersion": 1,
    "requires": true,
    "dependencies": {
        "vscode-nls": {
            "version": "4.0.0",
            "resolved": "https://registry.npmjs.org/vscode-nls/-/vscode-nls-4.0.0.tgz",
            "integrity": "sha512-qCfdzcH+0LgQnBpZA53bA32kzp9rpq/f66Som577ObeuDlFIrtbEJ+A/+CCxjIh4G8dpJYNCKIsxpRAHIfsbNw=="
        }
    }
}
